
Microsoft Visual Studio Solution File, Format Version 12.00
# Visual Studio 15
VisualStudioVersion = 15.0.27703.2018
MinimumVisualStudioVersion = 10.0.40219.1
Project("{FAE04EC0-301F-11D3-BF4B-00C04F79EFBC}") = "Miharu.memoryMonitor", "Miharu.memoryMonitor\Miharu.memoryMonitor.csproj", "{3EFE93ED-5B5C-48FF-9976-C46156D86860}"
EndProject
Global
	GlobalSection(SolutionConfigurationPlatforms) = preSolution
		Debug|Any CPU = Debug|Any CPU
		Release|Any CPU = Release|Any CPU
	EndGlobalSection
	GlobalSection(ProjectConfigurationPlatforms) = postSolution
		{3EFE93ED-5B5C-48FF-9976-C46156D86860}.Debug|Any CPU.ActiveCfg = Debug|Any CPU
		{3EFE93ED-5B5C-48FF-9976-C46156D86860}.Debug|Any CPU.Build.0 = Debug|Any CPU
		{3EFE93ED-5B5C-48FF-9976-C46156D86860}.Release|Any CPU.ActiveCfg = Release|Any CPU
		{3EFE93ED-5B5C-48FF-9976-C46156D86860}.Release|Any CPU.Build.0 = Release|Any CPU
	EndGlobalSection
	GlobalSection(SolutionProperties) = preSolution
		HideSolutionNode = FALSE
	EndGlobalSection
	GlobalSection(ExtensibilityGlobals) = postSolution
		SolutionGuid = {B1C97B13-F00D-4419-BC4E-BE2E7D21C5EE}
	EndGlobalSection
EndGlobal
